{
  "nodes": {
    "disko": {
      "inputs": {
        "nixpkgs": [
          "nixpkgs"
        ]
      },
      "locked": {
        "lastModified": 1716431128,
        "narHash": "sha256-t3T8HlX3udO6f4ilLcN+j5eC3m2gqsouzSGiriKK6vk=",
        "owner": "nix-community",
        "repo": "disko",
        "rev": "7ffc4354dfeb37c8c725ae1465f04a9b45ec8606",
        "type": "github"
      },
      "original": {
        "owner": "nix-community",
        "repo": "disko",
        "type": "github"
      }
    },
    "nixpkgs": {
      "locked": {
        "lastModified": 1716451822,
        "narHash": "sha256-0lT5RVelqN+dgXWWneXvV5ufSksW0r0TDQi8O6U2+o8=",
        "owner": "NixOS",
        "repo": "nixpkgs",
        "rev": "3305b2b25e4ae4baee872346eae133cf6f611783",
        "type": "github"
      },
      "original": {
        "owner": "NixOS",
        "ref": "nixpkgs-unstable",
        "repo": "nixpkgs",
        "type": "github"
      }
    },
    "root": {
      "inputs": {
        "disko": "disko",
        "nixpkgs": "nixpkgs"
      }
    }
  },
  "root": "root",
  "version": 7
}
